
Microsoft Visual Studio Solution File, Format Version 12.00
# Visual Studio 15
VisualStudioVersion = 15.0.28010.2016
MinimumVisualStudioVersion = 10.0.40219.1
Project("{FAE04EC0-301F-11D3-BF4B-00C04F79EFBC}") = "DataGridError", "DataGridError\DataGridError.csproj", "{5CDE9A9B-56E4-4D6D-B70E-86A640AAA1F0}"
EndProject
Global
	GlobalSection(SolutionConfigurationPlatforms) = preSolution
		Debug|Any CPU = Debug|Any CPU
		Release|Any CPU = Release|Any CPU
	EndGlobalSection
	GlobalSection(ProjectConfigurationPlatforms) = postSolution
		{5CDE9A9B-56E4-4D6D-B70E-86A640AAA1F0}.Debug|Any CPU.ActiveCfg = Debug|Any CPU
		{5CDE9A9B-56E4-4D6D-B70E-86A640AAA1F0}.Debug|Any CPU.Build.0 = Debug|Any CPU
		{5CDE9A9B-56E4-4D6D-B70E-86A640AAA1F0}.Release|Any CPU.ActiveCfg = Release|Any CPU
		{5CDE9A9B-56E4-4D6D-B70E-86A640AAA1F0}.Release|Any CPU.Build.0 = Release|Any CPU
	EndGlobalSection
	GlobalSection(SolutionProperties) = preSolution
		HideSolutionNode = FALSE
	EndGlobalSection
	GlobalSection(ExtensibilityGlobals) = postSolution
		SolutionGuid = {64002061-97D8-42CA-910F-C02424BC7293}
	EndGlobalSection
EndGlobal
